{
  "nodes": {
    "ixnay-base": {
      "inputs": {
        "nixpkgs": [
          "systemd-controller",
          "nixpkgs"
        ]
      },
      "locked": {
        "lastModified": 1666796705,
        "narHash": "sha256-Qyd9+Vf21jZv3h8x/pSA1XplhFZCJq+3z77gtQ//PEI=",
        "ref": "master",
        "rev": "2d84e3ca20e1c224b0aa388eb8e23dee9bec7b84",
        "revCount": 88,
        "type": "git",
        "url": "ssh://git@tree.mn/autoopt-hadoop-devops/ixnay-base"
      },
      "original": {
        "type": "git",
        "url": "ssh://git@tree.mn/autoopt-hadoop-devops/ixnay-base"
      }
    },
    "nixpkgs": {
      "locked": {
        "lastModified": 1671313200,
        "narHash": "sha256-itZTrtHeDJjV696+ur0/TzkTqb5y3Eb57WRLRPK3rwA=",
        "owner": "nixos",
        "repo": "nixpkgs",
        "rev": "0938d73bb143f4ae037143572f11f4338c7b2d1c",
        "type": "github"
      },
      "original": {
        "owner": "nixos",
        "ref": "nixos-22.11",
        "repo": "nixpkgs",
        "type": "github"
      }
    },
    "nixpkgs_2": {
      "locked": {
        "lastModified": 1667653703,
        "narHash": "sha256-Xow4vx52/g5zkhlgZnMEm/TEXsj+13jTPCc2jIhW1xU=",
        "owner": "nixos",
        "repo": "nixpkgs",
        "rev": "f09ad462c5a121d0239fde645aacb2221553a217",
        "type": "github"
      },
      "original": {
        "owner": "nixos",
        "ref": "nixos-22.05",
        "repo": "nixpkgs",
        "type": "github"
      }
    },
    "nixpkgs_3": {
      "locked": {
        "lastModified": 1669920164,
        "narHash": "sha256-+3DM3bi/c/6MSCGDwAqqlpYHhOuKTL0bH7Xf4UmScdI=",
        "owner": "nixos",
        "repo": "nixpkgs",
        "rev": "97e88a936cf18bc8a2c6cf65e4ec8d423e4cb743",
        "type": "github"
      },
      "original": {
        "owner": "nixos",
        "ref": "nixos-22.05",
        "repo": "nixpkgs",
        "type": "github"
      }
    },
    "root": {
      "inputs": {
        "nixpkgs": "nixpkgs",
        "systemd-controller": "systemd-controller",
        "test": "test"
      }
    },
    "systemd-controller": {
      "inputs": {
        "ixnay-base": "ixnay-base",
        "nixpkgs": "nixpkgs_2",
        "utils": "utils"
      },
      "locked": {
        "lastModified": 1671539360,
        "narHash": "sha256-gcjE5cym/R3kEM0NmzSGusufPv5d/HEMXDLu6pBYKPU=",
        "ref": "refs/heads/master",
        "rev": "bb77a2dcdeed3f421c606164a2bf249d0ddaf240",
        "revCount": 41,
        "type": "git",
        "url": "ssh://git@tree.mn/autoopt-hadoop-devops/remote-systemd-controller.git"
      },
      "original": {
        "type": "git",
        "url": "ssh://git@tree.mn/autoopt-hadoop-devops/remote-systemd-controller.git"
      }
    },
    "test": {
      "inputs": {
        "nixpkgs": "nixpkgs_3",
        "utils": "utils_2"
      },
      "locked": {
        "lastModified": 1669993366,
        "narHash": "sha256-l9IYAIKNtYVuWVNS75+9/6hQoYeF66t4DGmEgX84mu8=",
        "owner": "abhishekadhikari23",
        "repo": "nix-pkg-module-boilerplate",
        "rev": "6c1cd861b147b5d487af310bfd91e737337da649",
        "type": "github"
      },
      "original": {
        "owner": "abhishekadhikari23",
        "repo": "nix-pkg-module-boilerplate",
        "type": "github"
      }
    },
    "utils": {
      "locked": {
        "lastModified": 1667395993,
        "narHash": "sha256-nuEHfE/LcWyuSWnS8t12N1wc105Qtau+/OdUAjtQ0rA=",
        "owner": "numtide",
        "repo": "flake-utils",
        "rev": "5aed5285a952e0b949eb3ba02c12fa4fcfef535f",
        "type": "github"
      },
      "original": {
        "owner": "numtide",
        "repo": "flake-utils",
        "type": "github"
      }
    },
    "utils_2": {
      "locked": {
        "lastModified": 1667395993,
        "narHash": "sha256-nuEHfE/LcWyuSWnS8t12N1wc105Qtau+/OdUAjtQ0rA=",
        "owner": "numtide",
        "repo": "flake-utils",
        "rev": "5aed5285a952e0b949eb3ba02c12fa4fcfef535f",
        "type": "github"
      },
      "original": {
        "owner": "numtide",
        "repo": "flake-utils",
        "type": "github"
      }
    }
  },
  "root": "root",
  "version": 7
}
